
Microsoft Visual Studio Solution File, Format Version 12.00
# Visual Studio 14
VisualStudioVersion = 14.0.25420.1
MinimumVisualStudioVersion = 10.0.40219.1
Project("{FAE04EC0-301F-11D3-BF4B-00C04F79EFBC}") = "GUI", "GUI\GUI.csproj", "{CFCBD79F-E119-4C41-A329-8D5BBD235145}"
EndProject
Project("{FAE04EC0-301F-11D3-BF4B-00C04F79EFBC}") = "BUS", "BUS\BUS.csproj", "{6C64680F-6EE5-4DF6-90EF-A891442B4C07}"
EndProject
Project("{FAE04EC0-301F-11D3-BF4B-00C04F79EFBC}") = "DAL", "DAL\DAL.csproj", "{E424FD78-E594-4D0A-8AAF-B1A606FCFC1D}"
EndProject
Project("{FAE04EC0-301F-11D3-BF4B-00C04F79EFBC}") = "Entity", "Entity\Entity.csproj", "{7AC0CBDA-A690-4E8E-8A88-9CEFABD78FE7}"
EndProject
Global
	GlobalSection(SolutionConfigurationPlatforms) = preSolution
		Debug|Any CPU = Debug|Any CPU
		Release|Any CPU = Release|Any CPU
	EndGlobalSection
	GlobalSection(ProjectConfigurationPlatforms) = postSolution
		{CFCBD79F-E119-4C41-A329-8D5BBD235145}.Debug|Any CPU.ActiveCfg = Debug|Any CPU
		{CFCBD79F-E119-4C41-A329-8D5BBD235145}.Debug|Any CPU.Build.0 = Debug|Any CPU
		{CFCBD79F-E119-4C41-A329-8D5BBD235145}.Release|Any CPU.ActiveCfg = Release|Any CPU
		{CFCBD79F-E119-4C41-A329-8D5BBD235145}.Release|Any CPU.Build.0 = Release|Any CPU
		{6C64680F-6EE5-4DF6-90EF-A891442B4C07}.Debug|Any CPU.ActiveCfg = Debug|Any CPU
		{6C64680F-6EE5-4DF6-90EF-A891442B4C07}.Debug|Any CPU.Build.0 = Debug|Any CPU
		{6C64680F-6EE5-4DF6-90EF-A891442B4C07}.Release|Any CPU.ActiveCfg = Release|Any CPU
		{6C64680F-6EE5-4DF6-90EF-A891442B4C07}.Release|Any CPU.Build.0 = Release|Any CPU
		{E424FD78-E594-4D0A-8AAF-B1A606FCFC1D}.Debug|Any CPU.ActiveCfg = Debug|Any CPU
		{E424FD78-E594-4D0A-8AAF-B1A606FCFC1D}.Debug|Any CPU.Build.0 = Debug|Any CPU
		{E424FD78-E594-4D0A-8AAF-B1A606FCFC1D}.Release|Any CPU.ActiveCfg = Release|Any CPU
		{E424FD78-E594-4D0A-8AAF-B1A606FCFC1D}.Release|Any CPU.Build.0 = Release|Any CPU
		{7AC0CBDA-A690-4E8E-8A88-9CEFABD78FE7}.Debug|Any CPU.ActiveCfg = Debug|Any CPU
		{7AC0CBDA-A690-4E8E-8A88-9CEFABD78FE7}.Debug|Any CPU.Build.0 = Debug|Any CPU
		{7AC0CBDA-A690-4E8E-8A88-9CEFABD78FE7}.Release|Any CPU.ActiveCfg = Release|Any CPU
		{7AC0CBDA-A690-4E8E-8A88-9CEFABD78FE7}.Release|Any CPU.Build.0 = Release|Any CPU
	EndGlobalSection
	GlobalSection(SolutionProperties) = preSolution
		HideSolutionNode = FALSE
	EndGlobalSection
EndGlobal
